
Microsoft Visual Studio Solution File, Format Version 12.00
# Visual Studio Version 16
VisualStudioVersion = 16.0.30523.141
MinimumVisualStudioVersion = 10.0.40219.1
Project("{FAE04EC0-301F-11D3-BF4B-00C04F79EFBC}") = "GSB_CS_AIY", "GSB_CS_AIY\GSB_CS_AIY.csproj", "{230AF243-09AD-4BEF-820D-42644152AA33}"
EndProject
Project("{FAE04EC0-301F-11D3-BF4B-00C04F79EFBC}") = "GSBTestUnitaire1", "GSBTestUnitaire1\GSBTestUnitaire1.csproj", "{50F32DC1-8ABC-4666-9B17-677D746BC3FD}"
EndProject
Global
	GlobalSection(SolutionConfigurationPlatforms) = preSolution
		Debug|Any CPU = Debug|Any CPU
		Release|Any CPU = Release|Any CPU
	EndGlobalSection
	GlobalSection(ProjectConfigurationPlatforms) = postSolution
		{230AF243-09AD-4BEF-820D-42644152AA33}.Debug|Any CPU.ActiveCfg = Debug|Any CPU
		{230AF243-09AD-4BEF-820D-42644152AA33}.Debug|Any CPU.Build.0 = Debug|Any CPU
		{230AF243-09AD-4BEF-820D-42644152AA33}.Release|Any CPU.ActiveCfg = Release|Any CPU
		{230AF243-09AD-4BEF-820D-42644152AA33}.Release|Any CPU.Build.0 = Release|Any CPU
		{50F32DC1-8ABC-4666-9B17-677D746BC3FD}.Debug|Any CPU.ActiveCfg = Debug|Any CPU
		{50F32DC1-8ABC-4666-9B17-677D746BC3FD}.Debug|Any CPU.Build.0 = Debug|Any CPU
		{50F32DC1-8ABC-4666-9B17-677D746BC3FD}.Release|Any CPU.ActiveCfg = Release|Any CPU
		{50F32DC1-8ABC-4666-9B17-677D746BC3FD}.Release|Any CPU.Build.0 = Release|Any CPU
	EndGlobalSection
	GlobalSection(SolutionProperties) = preSolution
		HideSolutionNode = FALSE
	EndGlobalSection
	GlobalSection(ExtensibilityGlobals) = postSolution
		SolutionGuid = {A9BBA221-5278-49F4-9625-9F1597CBE250}
	EndGlobalSection
EndGlobal
